<?xml version="1.0" encoding="utf-8"?>
<Project ToolsVersion="4.0" xmlns="http://schemas.microsoft.com/developer/msbuild/2003">
  <ItemGroup>
    <ClCompile Include="src\Main.cpp" />
    <ClCompile Include="src\Parser.cpp" />
    <ClCompile Include="src\SceneManager.cpp" />
    <ClCompile Include="src\Utility.cpp" />
    <ClCompile Include="src\Renderer.cpp" />
    <ClCompile Include="src\Camera.cpp" />
  </ItemGroup>
  <ItemGroup>
    <ClInclude Include="include\Parser.h" />
    <ClInclude Include="include\SceneManager.h" />
    <ClInclude Include="include\Utility.h" />
    <ClInclude Include="include\libraries\nlohmann\include\nlohmann\detail\conversions\from_json.hpp" />
    <ClInclude Include="include\libraries\nlohmann\include\nlohmann\detail\conversions\to_chars.hpp" />
    <ClInclude Include="include\libraries\nlohmann\include\nlohmann\detail\conversions\to_json.hpp" />
    <ClInclude Include="include\libraries\nlohmann\include\nlohmann\detail\input\binary_reader.hpp" />
    <ClInclude Include="include\libraries\nlohmann\include\nlohmann\detail\input\input_adapters.hpp" />
    <ClInclude Include="include\libraries\nlohmann\include\nlohmann\detail\input\json_sax.hpp" />
    <ClInclude Include="include\libraries\nlohmann\include\nlohmann\detail\input\lexer.hpp" />
    <ClInclude Include="include\libraries\nlohmann\include\nlohmann\detail\input\parser.hpp" />
    <ClInclude Include="include\libraries\nlohmann\include\nlohmann\detail\input\position_t.hpp" />
    <ClInclude Include="include\libraries\nlohmann\include\nlohmann\detail\iterators\internal_iterator.hpp" />
    <ClInclude Include="include\libraries\nlohmann\include\nlohmann\detail\iterators\iter_impl.hpp" />
    <ClInclude Include="include\libraries\nlohmann\include\nlohmann\detail\iterators\iteration_proxy.hpp" />
    <ClInclude Include="include\libraries\nlohmann\include\nlohmann\detail\iterators\iterator_traits.hpp" />
    <ClInclude Include="include\libraries\nlohmann\include\nlohmann\detail\iterators\json_reverse_iterator.hpp" />
    <ClInclude Include="include\libraries\nlohmann\include\nlohmann\detail\iterators\primitive_iterator.hpp" />
    <ClInclude Include="include\libraries\nlohmann\include\nlohmann\detail\meta\call_std\begin.hpp" />
    <ClInclude Include="include\libraries\nlohmann\include\nlohmann\detail\meta\call_std\end.hpp" />
    <ClInclude Include="include\libraries\nlohmann\include\nlohmann\detail\meta\cpp_future.hpp" />
    <ClInclude Include="include\libraries\nlohmann\include\nlohmann\detail\meta\detected.hpp" />
    <ClInclude Include="include\libraries\nlohmann\include\nlohmann\detail\meta\identity_tag.hpp" />
    <ClInclude Include="include\libraries\nlohmann\include\nlohmann\detail\meta\is_sax.hpp" />
    <ClInclude Include="include\libraries\nlohmann\include\nlohmann\detail\meta\std_fs.hpp" />
    <ClInclude Include="include\libraries\nlohmann\include\nlohmann\detail\meta\type_traits.hpp" />
    <ClInclude Include="include\libraries\nlohmann\include\nlohmann\detail\meta\void_t.hpp" />
    <ClInclude Include="include\libraries\nlohmann\include\nlohmann\detail\output\binary_writer.hpp" />
    <ClInclude Include="include\libraries\nlohmann\include\nlohmann\detail\output\output_adapters.hpp" />
    <ClInclude Include="include\libraries\nlohmann\include\nlohmann\detail\output\serializer.hpp" />
    <ClInclude Include="include\libraries\nlohmann\include\nlohmann\detail\abi_macros.hpp" />
    <ClInclude Include="include\libraries\nlohmann\include\nlohmann\detail\exceptions.hpp" />
    <ClInclude Include="include\libraries\nlohmann\include\nlohmann\detail\hash.hpp" />
    <ClInclude Include="include\libraries\nlohmann\include\nlohmann\detail\json_custom_base_class.hpp" />
    <ClInclude Include="include\libraries\nlohmann\include\nlohmann\detail\json_pointer.hpp" />
    <ClInclude Include="include\libraries\nlohmann\include\nlohmann\detail\json_ref.hpp" />
    <ClInclude Include="include\libraries\nlohmann\include\nlohmann\detail\macro_scope.hpp" />
    <ClInclude Include="include\libraries\nlohmann\include\nlohmann\detail\macro_unscope.hpp" />
    <ClInclude Include="include\libraries\nlohmann\include\nlohmann\detail\string_concat.hpp" />
    <ClInclude Include="include\libraries\nlohmann\include\nlohmann\detail\string_escape.hpp" />
    <ClInclude Include="include\libraries\nlohmann\include\nlohmann\detail\value_t.hpp" />
    <ClInclude Include="include\libraries\nlohmann\include\nlohmann\thirdparty\hedley\hedley.hpp" />
    <ClInclude Include="include\libraries\nlohmann\include\nlohmann\thirdparty\hedley\hedley_undef.hpp" />
    <ClInclude Include="include\libraries\nlohmann\include\nlohmann\adl_serializer.hpp" />
    <ClInclude Include="include\libraries\nlohmann\include\nlohmann\byte_container_with_subtype.hpp" />
    <ClInclude Include="include\libraries\nlohmann\include\nlohmann\json.hpp" />
    <ClInclude Include="include\libraries\nlohmann\include\nlohmann\json_fwd.hpp" />
    <ClInclude Include="include\libraries\nlohmann\include\nlohmann\ordered_map.hpp" />
    <ClInclude Include="include\libraries\nlohmann\single_include\nlohmann\json.hpp" />
    <ClInclude Include="include\libraries\nlohmann\single_include\nlohmann\json_fwd.hpp" />
    <ClInclude Include="include\Renderer.h" />
    <ClInclude Include="include\Camera.h" />
  </ItemGroup>
  <ItemGroup>
    <None Include="scene.json" />
  </ItemGroup>
</Project>